// !$*UTF8*$!
{
	archiveVersion = 1;
	classes = {
	};
	objectVersion = 46;
	objects = {

/* Begin PBXBuildFile section */
		4EB49200DC5D8B71FF215F59 /* Pods.framework in Frameworks */ = {isa = PBXBuildFile; fileRef = A6FEC72B1C15A37994A13008 /* Pods.framework */; };
		DA3585EF1D099229009E3FAB /* books in Resources */ = {isa = PBXBuildFile; fileRef = DA3585EE1D099229009E3FAB /* books */; };
		DA3585F11D09923A009E3FAB /* videos in Resources */ = {isa = PBXBuildFile; fileRef = DA3585F01D09923A009E3FAB /* videos */; };
		DA3585F31D099244009E3FAB /* audios in Resources */ = {isa = PBXBuildFile; fileRef = DA3585F21D099244009E3FAB /* audios */; };
		DAA8E9E41CFDD709005708C1 /* CategoryViewController.swift in Sources */ = {isa = PBXBuildFile; fileRef = DAA8E9E31CFDD709005708C1 /* CategoryViewController.swift */; };
		DAA8E9E61CFDDAE9005708C1 /* MusicViewController.swift in Sources */ = {isa = PBXBuildFile; fileRef = DAA8E9E51CFDDAE9005708C1 /* MusicViewController.swift */; };
		DAA8E9E81CFDE25E005708C1 /* SimpleTableViewCell.swift in Sources */ = {isa = PBXBuildFile; fileRef = DAA8E9E71CFDE25E005708C1 /* SimpleTableViewCell.swift */; };
		DAA8E9EA1CFDE66D005708C1 /* BookViewController.swift in Sources */ = {isa = PBXBuildFile; fileRef = DAA8E9E91CFDE66D005708C1 /* BookViewController.swift */; };
		DAA8E9EC1CFDE680005708C1 /* FilmsViewController.swift in Sources */ = {isa = PBXBuildFile; fileRef = DAA8E9EB1CFDE680005708C1 /* FilmsViewController.swift */; };
		DAA905CE1D007061003885F0 /* ManagerVideo.swift in Sources */ = {isa = PBXBuildFile; fileRef = DAA905CD1D007061003885F0 /* ManagerVideo.swift */; };
		DAA905D21D007F28003885F0 /* ManagerAudio.swift in Sources */ = {isa = PBXBuildFile; fileRef = DAA905D11D007F28003885F0 /* ManagerAudio.swift */; };
		DAA905D41D00801D003885F0 /* ManagerBook.swift in Sources */ = {isa = PBXBuildFile; fileRef = DAA905D31D00801D003885F0 /* ManagerBook.swift */; };
		DAD069241CFD832700C7647D /* Design.swift in Sources */ = {isa = PBXBuildFile; fileRef = DAD069231CFD832700C7647D /* Design.swift */; };
		DAD069261CFD88B700C7647D /* Default-568h@2x.png in Resources */ = {isa = PBXBuildFile; fileRef = DAD069251CFD88B700C7647D /* Default-568h@2x.png */; };
		DAD069281CFDB44A00C7647D /* Podfile in Resources */ = {isa = PBXBuildFile; fileRef = DAD069271CFDB44A00C7647D /* Podfile */; };
		DAD2B94B1CFC8A0A001A17AD /* AppDelegate.swift in Sources */ = {isa = PBXBuildFile; fileRef = DAD2B94A1CFC8A0A001A17AD /* AppDelegate.swift */; };
		DAD2B94D1CFC8A0A001A17AD /* PasswordViewController.swift in Sources */ = {isa = PBXBuildFile; fileRef = DAD2B94C1CFC8A0A001A17AD /* PasswordViewController.swift */; };
		DAD2B9521CFC8A0A001A17AD /* Assets.xcassets in Resources */ = {isa = PBXBuildFile; fileRef = DAD2B9511CFC8A0A001A17AD /* Assets.xcassets */; };
		DAD2B9601CFC8A0A001A17AD /* testAlbomTests.swift in Sources */ = {isa = PBXBuildFile; fileRef = DAD2B95F1CFC8A0A001A17AD /* testAlbomTests.swift */; };
		DAD2B96B1CFC8A0A001A17AD /* testAlbomUITests.swift in Sources */ = {isa = PBXBuildFile; fileRef = DAD2B96A1CFC8A0A001A17AD /* testAlbomUITests.swift */; };
		DAD424241CFF0BB400C9CEF6 /* VideoViewController.swift in Sources */ = {isa = PBXBuildFile; fileRef = DAD424231CFF0BB400C9CEF6 /* VideoViewController.swift */; };
		DAE336AB1D08079D00D2E88E /* PDFKViewController.swift in Sources */ = {isa = PBXBuildFile; fileRef = DAE336AA1D08079D00D2E88E /* PDFKViewController.swift */; };
		DAE336AD1D08796500D2E88E /* FileAlbumManager.swift in Sources */ = {isa = PBXBuildFile; fileRef = DAE336AC1D08796500D2E88E /* FileAlbumManager.swift */; };
/* End PBXBuildFile section */

/* Begin PBXContainerItemProxy section */
		DAD2B95C1CFC8A0A001A17AD /* PBXContainerItemProxy */ = {
			isa = PBXContainerItemProxy;
			containerPortal = DAD2B93F1CFC8A0A001A17AD /* Project object */;
			proxyType = 1;
			remoteGlobalIDString = DAD2B9461CFC8A0A001A17AD;
			remoteInfo = testAlbom;
		};
		DAD2B9671CFC8A0A001A17AD /* PBXContainerItemProxy */ = {
			isa = PBXContainerItemProxy;
			containerPortal = DAD2B93F1CFC8A0A001A17AD /* Project object */;
			proxyType = 1;
			remoteGlobalIDString = DAD2B9461CFC8A0A001A17AD;
			remoteInfo = testAlbom;
		};
/* End PBXContainerItemProxy section */

/* Begin PBXFileReference section */
		2480ABB84FCDBF1E5AAF9A2F /* Pods.release.xcconfig */ = {isa = PBXFileReference; includeInIndex = 1; lastKnownFileType = text.xcconfig; name = Pods.release.xcconfig; path = "Pods/Target Support Files/Pods/Pods.release.xcconfig"; sourceTree = "<group>"; };
		47C81D7BFA35F7BB77505AF3 /* Pods.debug.xcconfig */ = {isa = PBXFileReference; includeInIndex = 1; lastKnownFileType = text.xcconfig; name = Pods.debug.xcconfig; path = "Pods/Target Support Files/Pods/Pods.debug.xcconfig"; sourceTree = "<group>"; };
		A6FEC72B1C15A37994A13008 /* Pods.framework */ = {isa = PBXFileReference; explicitFileType = wrapper.framework; includeInIndex = 0; path = Pods.framework; sourceTree = BUILT_PRODUCTS_DIR; };
		DA3585EE1D099229009E3FAB /* books */ = {isa = PBXFileReference; lastKnownFileType = folder; name = books; path = testAlbom/books; sourceTree = "<group>"; };
		DA3585F01D09923A009E3FAB /* videos */ = {isa = PBXFileReference; lastKnownFileType = folder; name = videos; path = testAlbom/videos; sourceTree = "<group>"; };
		DA3585F21D099244009E3FAB /* audios */ = {isa = PBXFileReference; lastKnownFileType = folder; name = audios; path = testAlbom/audios; sourceTree = "<group>"; };
		DAA8E9E31CFDD709005708C1 /* CategoryViewController.swift */ = {isa = PBXFileReference; fileEncoding = 4; lastKnownFileType = sourcecode.swift; path = CategoryViewController.swift; sourceTree = "<group>"; };
		DAA8E9E51CFDDAE9005708C1 /* MusicViewController.swift */ = {isa = PBXFileReference; fileEncoding = 4; lastKnownFileType = sourcecode.swift; path = MusicViewController.swift; sourceTree = "<group>"; };
		DAA8E9E71CFDE25E005708C1 /* SimpleTableViewCell.swift */ = {isa = PBXFileReference; fileEncoding = 4; lastKnownFileType = sourcecode.swift; path = SimpleTableViewCell.swift; sourceTree = "<group>"; };
		DAA8E9E91CFDE66D005708C1 /* BookViewController.swift */ = {isa = PBXFileReference; fileEncoding = 4; lastKnownFileType = sourcecode.swift; path = BookViewController.swift; sourceTree = "<group>"; };
		DAA8E9EB1CFDE680005708C1 /* FilmsViewController.swift */ = {isa = PBXFileReference; fileEncoding = 4; lastKnownFileType = sourcecode.swift; path = FilmsViewController.swift; sourceTree = "<group>"; };
		DAA905CD1D007061003885F0 /* ManagerVideo.swift */ = {isa = PBXFileReference; fileEncoding = 4; lastKnownFileType = sourcecode.swift; path = ManagerVideo.swift; sourceTree = "<group>"; };
		DAA905D11D007F28003885F0 /* ManagerAudio.swift */ = {isa = PBXFileReference; fileEncoding = 4; lastKnownFileType = sourcecode.swift; path = ManagerAudio.swift; sourceTree = "<group>"; };
		DAA905D31D00801D003885F0 /* ManagerBook.swift */ = {isa = PBXFileReference; fileEncoding = 4; lastKnownFileType = sourcecode.swift; path = ManagerBook.swift; sourceTree = "<group>"; };
		DAD069231CFD832700C7647D /* Design.swift */ = {isa = PBXFileReference; fileEncoding = 4; lastKnownFileType = sourcecode.swift; path = Design.swift; sourceTree = "<group>"; };
		DAD069251CFD88B700C7647D /* Default-568h@2x.png */ = {isa = PBXFileReference; lastKnownFileType = image.png; path = "Default-568h@2x.png"; sourceTree = "<group>"; };
		DAD069271CFDB44A00C7647D /* Podfile */ = {isa = PBXFileReference; fileEncoding = 4; lastKnownFileType = text; path = Podfile; sourceTree = "<group>"; xcLanguageSpecificationIdentifier = xcode.lang.ruby; };
		DAD2B9471CFC8A0A001A17AD /* testAlbom.app */ = {isa = PBXFileReference; explicitFileType = wrapper.application; includeInIndex = 0; path = testAlbom.app; sourceTree = BUILT_PRODUCTS_DIR; };
		DAD2B94A1CFC8A0A001A17AD /* AppDelegate.swift */ = {isa = PBXFileReference; lastKnownFileType = sourcecode.swift; path = AppDelegate.swift; sourceTree = "<group>"; };
		DAD2B94C1CFC8A0A001A17AD /* PasswordViewController.swift */ = {isa = PBXFileReference; lastKnownFileType = sourcecode.swift; path = PasswordViewController.swift; sourceTree = "<group>"; };
		DAD2B9511CFC8A0A001A17AD /* Assets.xcassets */ = {isa = PBXFileReference; lastKnownFileType = folder.assetcatalog; path = Assets.xcassets; sourceTree = "<group>"; };
		DAD2B9561CFC8A0A001A17AD /* Info.plist */ = {isa = PBXFileReference; lastKnownFileType = text.plist.xml; path = Info.plist; sourceTree = "<group>"; };
		DAD2B95B1CFC8A0A001A17AD /* testAlbomTests.xctest */ = {isa = PBXFileReference; explicitFileType = wrapper.cfbundle; includeInIndex = 0; path = testAlbomTests.xctest; sourceTree = BUILT_PRODUCTS_DIR; };
		DAD2B95F1CFC8A0A001A17AD /* testAlbomTests.swift */ = {isa = PBXFileReference; lastKnownFileType = sourcecode.swift; path = testAlbomTests.swift; sourceTree = "<group>"; };
		DAD2B9611CFC8A0A001A17AD /* Info.plist */ = {isa = PBXFileReference; lastKnownFileType = text.plist.xml; path = Info.plist; sourceTree = "<group>"; };
		DAD2B9661CFC8A0A001A17AD /* testAlbomUITests.xctest */ = {isa = PBXFileReference; explicitFileType = wrapper.cfbundle; includeInIndex = 0; path = testAlbomUITests.xctest; sourceTree = BUILT_PRODUCTS_DIR; };
		DAD2B96A1CFC8A0A001A17AD /* testAlbomUITests.swift */ = {isa = PBXFileReference; lastKnownFileType = sourcecode.swift; path = testAlbomUITests.swift; sourceTree = "<group>"; };
		DAD2B96C1CFC8A0A001A17AD /* Info.plist */ = {isa = PBXFileReference; lastKnownFileType = text.plist.xml; path = Info.plist; sourceTree = "<group>"; };
		DAD424231CFF0BB400C9CEF6 /* VideoViewController.swift */ = {isa = PBXFileReference; fileEncoding = 4; lastKnownFileType = sourcecode.swift; path = VideoViewController.swift; sourceTree = "<group>"; };
		DAE336AA1D08079D00D2E88E /* PDFKViewController.swift */ = {isa = PBXFileReference; fileEncoding = 4; lastKnownFileType = sourcecode.swift; path = PDFKViewController.swift; sourceTree = "<group>"; };
		DAE336AC1D08796500D2E88E /* FileAlbumManager.swift */ = {isa = PBXFileReference; fileEncoding = 4; lastKnownFileType = sourcecode.swift; path = FileAlbumManager.swift; sourceTree = "<group>"; };
/* End PBXFileReference section */

/* Begin PBXFrameworksBuildPhase section */
		DAD2B9441CFC8A0A001A17AD /* Frameworks */ = {
			isa = PBXFrameworksBuildPhase;
			buildActionMask = 2147483647;
			files = (
				4EB49200DC5D8B71FF215F59 /* Pods.framework in Frameworks */,
			);
			runOnlyForDeploymentPostprocessing = 0;
		};
		DAD2B9581CFC8A0A001A17AD /* Frameworks */ = {
			isa = PBXFrameworksBuildPhase;
			buildActionMask = 2147483647;
			files = (
			);
			runOnlyForDeploymentPostprocessing = 0;
		};
		DAD2B9631CFC8A0A001A17AD /* Frameworks */ = {
			isa = PBXFrameworksBuildPhase;
			buildActionMask = 2147483647;
			files = (
			);
			runOnlyForDeploymentPostprocessing = 0;
		};
/* End PBXFrameworksBuildPhase section */

/* Begin PBXGroup section */
		34324F9031027B85C332EACE /* Frameworks */ = {
			isa = PBXGroup;
			children = (
				A6FEC72B1C15A37994A13008 /* Pods.framework */,
			);
			name = Frameworks;
			sourceTree = "<group>";
		};
		AE1DD00BC5A7A524A5668A70 /* Pods */ = {
			isa = PBXGroup;
			children = (
				47C81D7BFA35F7BB77505AF3 /* Pods.debug.xcconfig */,
				2480ABB84FCDBF1E5AAF9A2F /* Pods.release.xcconfig */,
			);
			name = Pods;
			sourceTree = "<group>";
		};
		DAA905CF1D007E68003885F0 /* ModelManager */ = {
			isa = PBXGroup;
			children = (
				DAA905CD1D007061003885F0 /* ManagerVideo.swift */,
				DAA905D11D007F28003885F0 /* ManagerAudio.swift */,
				DAA905D31D00801D003885F0 /* ManagerBook.swift */,
				DAE336AC1D08796500D2E88E /* FileAlbumManager.swift */,
			);
			name = ModelManager;
			sourceTree = "<group>";
		};
		DAA905D01D007E9D003885F0 /* ViewControllers */ = {
			isa = PBXGroup;
			children = (
				DAD2B94C1CFC8A0A001A17AD /* PasswordViewController.swift */,
				DAA8E9E71CFDE25E005708C1 /* SimpleTableViewCell.swift */,
				DAA8E9E31CFDD709005708C1 /* CategoryViewController.swift */,
				DAA8E9E51CFDDAE9005708C1 /* MusicViewController.swift */,
				DAA905D81D008057003885F0 /* Film */,
				DAA905D51D00802E003885F0 /* Book */,
			);
			name = ViewControllers;
			sourceTree = "<group>";
		};
		DAA905D51D00802E003885F0 /* Book */ = {
			isa = PBXGroup;
			children = (
				DAE336AA1D08079D00D2E88E /* PDFKViewController.swift */,
				DAA8E9E91CFDE66D005708C1 /* BookViewController.swift */,
			);
			name = Book;
			sourceTree = "<group>";
		};
		DAA905D81D008057003885F0 /* Film */ = {
			isa = PBXGroup;
			children = (
				DAA8E9EB1CFDE680005708C1 /* FilmsViewController.swift */,
				DAD424231CFF0BB400C9CEF6 /* VideoViewController.swift */,
			);
			name = Film;
			sourceTree = "<group>";
		};
		DAD2B93E1CFC8A0A001A17AD = {
			isa = PBXGroup;
			children = (
				DAD069271CFDB44A00C7647D /* Podfile */,
				DAD069251CFD88B700C7647D /* Default-568h@2x.png */,
				DAD424141CFED63A00C9CEF6 /* Sources */,
				DAD2B9491CFC8A0A001A17AD /* testAlbom */,
				DAD2B95E1CFC8A0A001A17AD /* testAlbomTests */,
				DAD2B9691CFC8A0A001A17AD /* testAlbomUITests */,
				DAD2B9481CFC8A0A001A17AD /* Products */,
				AE1DD00BC5A7A524A5668A70 /* Pods */,
				34324F9031027B85C332EACE /* Frameworks */,
			);
			sourceTree = "<group>";
		};
		DAD2B9481CFC8A0A001A17AD /* Products */ = {
			isa = PBXGroup;
			children = (
				DAD2B9471CFC8A0A001A17AD /* testAlbom.app */,
				DAD2B95B1CFC8A0A001A17AD /* testAlbomTests.xctest */,
				DAD2B9661CFC8A0A001A17AD /* testAlbomUITests.xctest */,
			);
			name = Products;
			sourceTree = "<group>";
		};
		DAD2B9491CFC8A0A001A17AD /* testAlbom */ = {
			isa = PBXGroup;
			children = (
				DAD2B94A1CFC8A0A001A17AD /* AppDelegate.swift */,
				DAD069231CFD832700C7647D /* Design.swift */,
				DAA905D01D007E9D003885F0 /* ViewControllers */,
				DAA905CF1D007E68003885F0 /* ModelManager */,
				DAD2B9511CFC8A0A001A17AD /* Assets.xcassets */,
				DAD2B9561CFC8A0A001A17AD /* Info.plist */,
			);
			path = testAlbom;
			sourceTree = "<group>";
		};
		DAD2B95E1CFC8A0A001A17AD /* testAlbomTests */ = {
			isa = PBXGroup;
			children = (
				DAD2B95F1CFC8A0A001A17AD /* testAlbomTests.swift */,
				DAD2B9611CFC8A0A001A17AD /* Info.plist */,
			);
			path = testAlbomTests;
			sourceTree = "<group>";
		};
		DAD2B9691CFC8A0A001A17AD /* testAlbomUITests */ = {
			isa = PBXGroup;
			children = (
				DAD2B96A1CFC8A0A001A17AD /* testAlbomUITests.swift */,
				DAD2B96C1CFC8A0A001A17AD /* Info.plist */,
			);
			path = testAlbomUITests;
			sourceTree = "<group>";
		};
		DAD424141CFED63A00C9CEF6 /* Sources */ = {
			isa = PBXGroup;
			children = (
				DA3585F21D099244009E3FAB /* audios */,
				DA3585F01D09923A009E3FAB /* videos */,
				DA3585EE1D099229009E3FAB /* books */,
			);
			name = Sources;
			sourceTree = "<group>";
		};
/* End PBXGroup section */

/* Begin PBXNativeTarget section */
		DAD2B9461CFC8A0A001A17AD /* testAlbom */ = {
			isa = PBXNativeTarget;
			buildConfigurationList = DAD2B96F1CFC8A0A001A17AD /* Build configuration list for PBXNativeTarget "testAlbom" */;
			buildPhases = (
				3675E0CCDA61C234BDDEF1F2 /* Check Pods Manifest.lock */,
				DAD2B9431CFC8A0A001A17AD /* Sources */,
				DAD2B9441CFC8A0A001A17AD /* Frameworks */,
				DAD2B9451CFC8A0A001A17AD /* Resources */,
				0585696AA7C8AA41692958AE /* Embed Pods Frameworks */,
				9745448D7762CFAD77CAACF3 /* Copy Pods Resources */,
			);
			buildRules = (
			);
			dependencies = (
			);
			name = testAlbom;
			productName = testAlbom;
			productReference = DAD2B9471CFC8A0A001A17AD /* testAlbom.app */;
			productType = "com.apple.product-type.application";
		};
		DAD2B95A1CFC8A0A001A17AD /* testAlbomTests */ = {
			isa = PBXNativeTarget;
			buildConfigurationList = DAD2B9721CFC8A0A001A17AD /* Build configuration list for PBXNativeTarget "testAlbomTests" */;
			buildPhases = (
				DAD2B9571CFC8A0A001A17AD /* Sources */,
				DAD2B9581CFC8A0A001A17AD /* Frameworks */,
				DAD2B9591CFC8A0A001A17AD /* Resources */,
			);
			buildRules = (
			);
			dependencies = (
				DAD2B95D1CFC8A0A001A17AD /* PBXTargetDependency */,
			);
			name = testAlbomTests;
			productName = testAlbomTests;
			productReference = DAD2B95B1CFC8A0A001A17AD /* testAlbomTests.xctest */;
			productType = "com.apple.product-type.bundle.unit-test";
		};
		DAD2B9651CFC8A0A001A17AD /* testAlbomUITests */ = {
			isa = PBXNativeTarget;
			buildConfigurationList = DAD2B9751CFC8A0A001A17AD /* Build configuration list for PBXNativeTarget "testAlbomUITests" */;
			buildPhases = (
				DAD2B9621CFC8A0A001A17AD /* Sources */,
				DAD2B9631CFC8A0A001A17AD /* Frameworks */,
				DAD2B9641CFC8A0A001A17AD /* Resources */,
			);
			buildRules = (
			);
			dependencies = (
				DAD2B9681CFC8A0A001A17AD /* PBXTargetDependency */,
			);
			name = testAlbomUITests;
			productName = testAlbomUITests;
			productReference = DAD2B9661CFC8A0A001A17AD /* testAlbomUITests.xctest */;
			productType = "com.apple.product-type.bundle.ui-testing";
		};
/* End PBXNativeTarget section */

/* Begin PBXProject section */
		DAD2B93F1CFC8A0A001A17AD /* Project object */ = {
			isa = PBXProject;
			attributes = {
				LastSwiftUpdateCheck = 0730;
				LastUpgradeCheck = 0730;
				ORGANIZATIONNAME = courses;
				TargetAttributes = {
					DAD2B9461CFC8A0A001A17AD = {
						CreatedOnToolsVersion = 7.3;
					};
					DAD2B95A1CFC8A0A001A17AD = {
						CreatedOnToolsVersion = 7.3;
						TestTargetID = DAD2B9461CFC8A0A001A17AD;
					};
					DAD2B9651CFC8A0A001A17AD = {
						CreatedOnToolsVersion = 7.3;
						TestTargetID = DAD2B9461CFC8A0A001A17AD;
					};
				};
			};
			buildConfigurationList = DAD2B9421CFC8A0A001A17AD /* Build configuration list for PBXProject "testAlbom" */;
			compatibilityVersion = "Xcode 3.2";
			developmentRegion = English;
			hasScannedForEncodings = 0;
			knownRegions = (
				en,
				Base,
			);
			mainGroup = DAD2B93E1CFC8A0A001A17AD;
			productRefGroup = DAD2B9481CFC8A0A001A17AD /* Products */;
			projectDirPath = "";
			projectRoot = "";
			targets = (
				DAD2B9461CFC8A0A001A17AD /* testAlbom */,
				DAD2B95A1CFC8A0A001A17AD /* testAlbomTests */,
				DAD2B9651CFC8A0A001A17AD /* testAlbomUITests */,
			);
		};
/* End PBXProject section */

/* Begin PBXResourcesBuildPhase section */
		DAD2B9451CFC8A0A001A17AD /* Resources */ = {
			isa = PBXResourcesBuildPhase;
			buildActionMask = 2147483647;
			files = (
				DA3585F11D09923A009E3FAB /* videos in Resources */,
				DA3585F31D099244009E3FAB /* audios in Resources */,
				DAD069281CFDB44A00C7647D /* Podfile in Resources */,
				DAD2B9521CFC8A0A001A17AD /* Assets.xcassets in Resources */,
				DAD069261CFD88B700C7647D /* Default-568h@2x.png in Resources */,
				DA3585EF1D099229009E3FAB /* books in Resources */,
			);
			runOnlyForDeploymentPostprocessing = 0;
		};
		DAD2B9591CFC8A0A001A17AD /* Resources */ = {
			isa = PBXResourcesBuildPhase;
			buildActionMask = 2147483647;
			files = (
			);
			runOnlyForDeploymentPostprocessing = 0;
		};
		DAD2B9641CFC8A0A001A17AD /* Resources */ = {
			isa = PBXResourcesBuildPhase;
			buildActionMask = 2147483647;
			files = (
			);
			runOnlyForDeploymentPostprocessing = 0;
		};
/* End PBXResourcesBuildPhase section */

/* Begin PBXShellScriptBuildPhase section */
		0585696AA7C8AA41692958AE /* Embed Pods Frameworks */ = {
			isa = PBXShellScriptBuildPhase;
			buildActionMask = 2147483647;
			files = (
			);
			inputPaths = (
			);
			name = "Embed Pods Frameworks";
			outputPaths = (
			);
			runOnlyForDeploymentPostprocessing = 0;
			shellPath = /bin/sh;
			shellScript = "\"${SRCROOT}/Pods/Target Support Files/Pods/Pods-frameworks.sh\"\n";
			showEnvVarsInLog = 0;
		};
		3675E0CCDA61C234BDDEF1F2 /* Check Pods Manifest.lock */ = {
			isa = PBXShellScriptBuildPhase;
			buildActionMask = 2147483647;
			files = (
			);
			inputPaths = (
			);
			name = "Check Pods Manifest.lock";
			outputPaths = (
			);
			runOnlyForDeploymentPostprocessing = 0;
			shellPath = /bin/sh;
			shellScript = "diff \"${PODS_ROOT}/../Podfile.lock\" \"${PODS_ROOT}/Manifest.lock\" > /dev/null\nif [[ $? != 0 ]] ; then\n    cat << EOM\nerror: The sandbox is not in sync with the Podfile.lock. Run 'pod install' or update your CocoaPods installation.\nEOM\n    exit 1\nfi\n";
			showEnvVarsInLog = 0;
		};
		9745448D7762CFAD77CAACF3 /* Copy Pods Resources */ = {
			isa = PBXShellScriptBuildPhase;
			buildActionMask = 2147483647;
			files = (
			);
			inputPaths = (
			);
			name = "Copy Pods Resources";
			outputPaths = (
			);
			runOnlyForDeploymentPostprocessing = 0;
			shellPath = /bin/sh;
			shellScript = "\"${SRCROOT}/Pods/Target Support Files/Pods/Pods-resources.sh\"\n";
			showEnvVarsInLog = 0;
		};
/* End PBXShellScriptBuildPhase section */

/* Begin PBXSourcesBuildPhase section */
		DAD2B9431CFC8A0A001A17AD /* Sources */ = {
			isa = PBXSourcesBuildPhase;
			buildActionMask = 2147483647;
			files = (
				DAA8E9E41CFDD709005708C1 /* CategoryViewController.swift in Sources */,
				DAA8E9E61CFDDAE9005708C1 /* MusicViewController.swift in Sources */,
				DAD069241CFD832700C7647D /* Design.swift in Sources */,
				DAE336AD1D08796500D2E88E /* FileAlbumManager.swift in Sources */,
				DAA8E9EA1CFDE66D005708C1 /* BookViewController.swift in Sources */,
				DAA8E9E81CFDE25E005708C1 /* SimpleTableViewCell.swift in Sources */,
				DAD2B94D1CFC8A0A001A17AD /* PasswordViewController.swift in Sources */,
				DAA8E9EC1CFDE680005708C1 /* FilmsViewController.swift in Sources */,
				DAA905D41D00801D003885F0 /* ManagerBook.swift in Sources */,
				DAA905CE1D007061003885F0 /* ManagerVideo.swift in Sources */,
				DAD424241CFF0BB400C9CEF6 /* VideoViewController.swift in Sources */,
				DAA905D21D007F28003885F0 /* ManagerAudio.swift in Sources */,
				DAE336AB1D08079D00D2E88E /* PDFKViewController.swift in Sources */,
				DAD2B94B1CFC8A0A001A17AD /* AppDelegate.swift in Sources */,
			);
			runOnlyForDeploymentPostprocessing = 0;
		};
		DAD2B9571CFC8A0A001A17AD /* Sources */ = {
			isa = PBXSourcesBuildPhase;
			buildActionMask = 2147483647;
			files = (
				DAD2B9601CFC8A0A001A17AD /* testAlbomTests.swift in Sources */,
			);
			runOnlyForDeploymentPostprocessing = 0;
		};
		DAD2B9621CFC8A0A001A17AD /* Sources */ = {
			isa = PBXSourcesBuildPhase;
			buildActionMask = 2147483647;
			files = (
				DAD2B96B1CFC8A0A001A17AD /* testAlbomUITests.swift in Sources */,
			);
			runOnlyForDeploymentPostprocessing = 0;
		};
/* End PBXSourcesBuildPhase section */

/* Begin PBXTargetDependency section */
		DAD2B95D1CFC8A0A001A17AD /* PBXTargetDependency */ = {
			isa = PBXTargetDependency;
			target = DAD2B9461CFC8A0A001A17AD /* testAlbom */;
			targetProxy = DAD2B95C1CFC8A0A001A17AD /* PBXContainerItemProxy */;
		};
		DAD2B9681CFC8A0A001A17AD /* PBXTargetDependency */ = {
			isa = PBXTargetDependency;
			target = DAD2B9461CFC8A0A001A17AD /* testAlbom */;
			targetProxy = DAD2B9671CFC8A0A001A17AD /* PBXContainerItemProxy */;
		};
/* End PBXTargetDependency section */

/* Begin XCBuildConfiguration section */
		DAD2B96D1CFC8A0A001A17AD /* Debug */ = {
			isa = XCBuildConfiguration;
			buildSettings = {
				ALWAYS_SEARCH_USER_PATHS = NO;
				CLANG_ANALYZER_NONNULL = YES;
				CLANG_CXX_LANGUAGE_STANDARD = "gnu++0x";
				CLANG_CXX_LIBRARY = "libc++";
				CLANG_ENABLE_MODULES = YES;
				CLANG_ENABLE_OBJC_ARC = YES;
				CLANG_WARN_BOOL_CONVERSION = YES;
				CLANG_WARN_CONSTANT_CONVERSION = YES;
				CLANG_WARN_DIRECT_OBJC_ISA_USAGE = YES_ERROR;
				CLANG_WARN_EMPTY_BODY = YES;
				CLANG_WARN_ENUM_CONVERSION = YES;
				CLANG_WARN_INT_CONVERSION = YES;
				CLANG_WARN_OBJC_ROOT_CLASS = YES_ERROR;
				CLANG_WARN_UNREACHABLE_CODE = YES;
				CLANG_WARN__DUPLICATE_METHOD_MATCH = YES;
				"CODE_SIGN_IDENTITY[sdk=iphoneos*]" = "iPhone Developer";
				COPY_PHASE_STRIP = NO;
				DEBUG_INFORMATION_FORMAT = dwarf;
				ENABLE_STRICT_OBJC_MSGSEND = YES;
				ENABLE_TESTABILITY = YES;
				GCC_C_LANGUAGE_STANDARD = gnu99;
				GCC_DYNAMIC_NO_PIC = NO;
				GCC_NO_COMMON_BLOCKS = YES;
				GCC_OPTIMIZATION_LEVEL = 0;
				GCC_PREPROCESSOR_DEFINITIONS = (
					"DEBUG=1",
					"$(inherited)",
				);
				GCC_WARN_64_TO_32_BIT_CONVERSION = YES;
				GCC_WARN_ABOUT_RETURN_TYPE = YES_ERROR;
				GCC_WARN_UNDECLARED_SELECTOR = YES;
				GCC_WARN_UNINITIALIZED_AUTOS = YES_AGGRESSIVE;
				GCC_WARN_UNUSED_FUNCTION = YES;
				GCC_WARN_UNUSED_VARIABLE = YES;
				IPHONEOS_DEPLOYMENT_TARGET = 9.3;
				MTL_ENABLE_DEBUG_INFO = YES;
				ONLY_ACTIVE_ARCH = YES;
				SDKROOT = iphoneos;
				SWIFT_OPTIMIZATION_LEVEL = "-Onone";
			};
			name = Debug;
		};
		DAD2B96E1CFC8A0A001A17AD /* Release */ = {
			isa = XCBuildConfiguration;
			buildSettings = {
				ALWAYS_SEARCH_USER_PATHS = NO;
				CLANG_ANALYZER_NONNULL = YES;
				CLANG_CXX_LANGUAGE_STANDARD = "gnu++0x";
				CLANG_CXX_LIBRARY = "libc++";
				CLANG_ENABLE_MODULES = YES;
				CLANG_ENABLE_OBJC_ARC = YES;
				CLANG_WARN_BOOL_CONVERSION = YES;
				CLANG_WARN_CONSTANT_CONVERSION = YES;
				CLANG_WARN_DIRECT_OBJC_ISA_USAGE = YES_ERROR;
				CLANG_WARN_EMPTY_BODY = YES;
				CLANG_WARN_ENUM_CONVERSION = YES;
				CLANG_WARN_INT_CONVERSION = YES;
				CLANG_WARN_OBJC_ROOT_CLASS = YES_ERROR;
				CLANG_WARN_UNREACHABLE_CODE = YES;
				CLANG_WARN__DUPLICATE_METHOD_MATCH = YES;
				"CODE_SIGN_IDENTITY[sdk=iphoneos*]" = "iPhone Developer";
				COPY_PHASE_STRIP = NO;
				DEBUG_INFORMATION_FORMAT = "dwarf-with-dsym";
				ENABLE_NS_ASSERTIONS = NO;
				ENABLE_STRICT_OBJC_MSGSEND = YES;
				GCC_C_LANGUAGE_STANDARD = gnu99;
				GCC_NO_COMMON_BLOCKS = YES;
				GCC_WARN_64_TO_32_BIT_CONVERSION = YES;
				GCC_WARN_ABOUT_RETURN_TYPE = YES_ERROR;
				GCC_WARN_UNDECLARED_SELECTOR = YES;
				GCC_WARN_UNINITIALIZED_AUTOS = YES_AGGRESSIVE;
				GCC_WARN_UNUSED_FUNCTION = YES;
				GCC_WARN_UNUSED_VARIABLE = YES;
				IPHONEOS_DEPLOYMENT_TARGET = 9.3;
				MTL_ENABLE_DEBUG_INFO = NO;
				SDKROOT = iphoneos;
				VALIDATE_PRODUCT = YES;
			};
			name = Release;
		};
		DAD2B9701CFC8A0A001A17AD /* Debug */ = {
			isa = XCBuildConfiguration;
			baseConfigurationReference = 47C81D7BFA35F7BB77505AF3 /* Pods.debug.xcconfig */;
			buildSettings = {
				ASSETCATALOG_COMPILER_APPICON_NAME = AppIcon;
				INFOPLIST_FILE = testAlbom/Info.plist;
				LD_RUNPATH_SEARCH_PATHS = "$(inherited) @executable_path/Frameworks";
				PRODUCT_BUNDLE_IDENTIFIER = com.hyuna.inc.testAlbom;
				PRODUCT_NAME = "$(TARGET_NAME)";
			};
			name = Debug;
		};
		DAD2B9711CFC8A0A001A17AD /* Release */ = {
			isa = XCBuildConfiguration;
			baseConfigurationReference = 2480ABB84FCDBF1E5AAF9A2F /* Pods.release.xcconfig */;
			buildSettings = {
				ASSETCATALOG_COMPILER_APPICON_NAME = AppIcon;
				INFOPLIST_FILE = testAlbom/Info.plist;
				LD_RUNPATH_SEARCH_PATHS = "$(inherited) @executable_path/Frameworks";
				PRODUCT_BUNDLE_IDENTIFIER = com.hyuna.inc.testAlbom;
				PRODUCT_NAME = "$(TARGET_NAME)";
			};
			name = Release;
		};
		DAD2B9731CFC8A0A001A17AD /* Debug */ = {
			isa = XCBuildConfiguration;
			buildSettings = {
				BUNDLE_LOADER = "$(TEST_HOST)";
				INFOPLIST_FILE = testAlbomTests/Info.plist;
				LD_RUNPATH_SEARCH_PATHS = "$(inherited) @executable_path/Frameworks @loader_path/Frameworks";
				PRODUCT_BUNDLE_IDENTIFIER = com.hyuna.inc.testAlbomTests;
				PRODUCT_NAME = "$(TARGET_NAME)";
				TEST_HOST = "$(BUILT_PRODUCTS_DIR)/testAlbom.app/testAlbom";
			};
			name = Debug;
		};
		DAD2B9741CFC8A0A001A17AD /* Release */ = {
			isa = XCBuildConfiguration;
			buildSettings = {
				BUNDLE_LOADER = "$(TEST_HOST)";
				INFOPLIST_FILE = testAlbomTests/Info.plist;
				LD_RUNPATH_SEARCH_PATHS = "$(inherited) @executable_path/Frameworks @loader_path/Frameworks";
				PRODUCT_BUNDLE_IDENTIFIER = com.hyuna.inc.testAlbomTests;
				PRODUCT_NAME = "$(TARGET_NAME)";
				TEST_HOST = "$(BUILT_PRODUCTS_DIR)/testAlbom.app/testAlbom";
			};
			name = Release;
		};
		DAD2B9761CFC8A0A001A17AD /* Debug */ = {
			isa = XCBuildConfiguration;
			buildSettings = {
				INFOPLIST_FILE = testAlbomUITests/Info.plist;
				LD_RUNPATH_SEARCH_PATHS = "$(inherited) @executable_path/Frameworks @loader_path/Frameworks";
				PRODUCT_BUNDLE_IDENTIFIER = com.hyuna.inc.testAlbomUITests;
				PRODUCT_NAME = "$(TARGET_NAME)";
				TEST_TARGET_NAME = testAlbom;
			};
			name = Debug;
		};
		DAD2B9771CFC8A0A001A17AD /* Release */ = {
			isa = XCBuildConfiguration;
			buildSettings = {
				INFOPLIST_FILE = testAlbomUITests/Info.plist;
				LD_RUNPATH_SEARCH_PATHS = "$(inherited) @executable_path/Frameworks @loader_path/Frameworks";
				PRODUCT_BUNDLE_IDENTIFIER = com.hyuna.inc.testAlbomUITests;
				PRODUCT_NAME = "$(TARGET_NAME)";
				TEST_TARGET_NAME = testAlbom;
			};
			name = Release;
		};
/* End XCBuildConfiguration section */

/* Begin XCConfigurationList section */
		DAD2B9421CFC8A0A001A17AD /* Build configuration list for PBXProject "testAlbom" */ = {
			isa = XCConfigurationList;
			buildConfigurations = (
				DAD2B96D1CFC8A0A001A17AD /* Debug */,
				DAD2B96E1CFC8A0A001A17AD /* Release */,
			);
			defaultConfigurationIsVisible = 0;
			defaultConfigurationName = Release;
		};
		DAD2B96F1CFC8A0A001A17AD /* Build configuration list for PBXNativeTarget "testAlbom" */ = {
			isa = XCConfigurationList;
			buildConfigurations = (
				DAD2B9701CFC8A0A001A17AD /* Debug */,
				DAD2B9711CFC8A0A001A17AD /* Release */,
			);
			defaultConfigurationIsVisible = 0;
			defaultConfigurationName = Release;
		};
		DAD2B9721CFC8A0A001A17AD /* Build configuration list for PBXNativeTarget "testAlbomTests" */ = {
			isa = XCConfigurationList;
			buildConfigurations = (
				DAD2B9731CFC8A0A001A17AD /* Debug */,
				DAD2B9741CFC8A0A001A17AD /* Release */,
			);
			defaultConfigurationIsVisible = 0;
			defaultConfigurationName = Release;
		};
		DAD2B9751CFC8A0A001A17AD /* Build configuration list for PBXNativeTarget "testAlbomUITests" */ = {
			isa = XCConfigurationList;
			buildConfigurations = (
				DAD2B9761CFC8A0A001A17AD /* Debug */,
				DAD2B9771CFC8A0A001A17AD /* Release */,
			);
			defaultConfigurationIsVisible = 0;
			defaultConfigurationName = Release;
		};
/* End XCConfigurationList section */
	};
	rootObject = DAD2B93F1CFC8A0A001A17AD /* Project object */;
}
